// !$*UTF8*$!
{
	archiveVersion = 1;
	classes = {
	};
	objectVersion = 51;
	objects = {

/* Begin PBXBuildFile section */
		E9779634CCADDE408B67D7AF /* libPods-TKModularization.a in Frameworks */ = {isa = PBXBuildFile; fileRef = AD264318CC684A31E3A935E0 /* libPods-TKModularization.a */; };
		FEE67C3B260DE43D00DBE15E /* AppDelegate.m in Sources */ = {isa = PBXBuildFile; fileRef = FEE67C3A260DE43D00DBE15E /* AppDelegate.m */; };
		FEE67C3E260DE43D00DBE15E /* SceneDelegate.m in Sources */ = {isa = PBXBuildFile; fileRef = FEE67C3D260DE43D00DBE15E /* SceneDelegate.m */; };
		FEE67C41260DE43D00DBE15E /* ViewController.m in Sources */ = {isa = PBXBuildFile; fileRef = FEE67C40260DE43D00DBE15E /* ViewController.m */; };
		FEE67C44260DE43D00DBE15E /* Main.storyboard in Resources */ = {isa = PBXBuildFile; fileRef = FEE67C42260DE43D00DBE15E /* Main.storyboard */; };
		FEE67C46260DE44000DBE15E /* Assets.xcassets in Resources */ = {isa = PBXBuildFile; fileRef = FEE67C45260DE44000DBE15E /* Assets.xcassets */; };
		FEE67C49260DE44000DBE15E /* LaunchScreen.storyboard in Resources */ = {isa = PBXBuildFile; fileRef = FEE67C47260DE44000DBE15E /* LaunchScreen.storyboard */; };
		FEE67C4C260DE44000DBE15E /* main.m in Sources */ = {isa = PBXBuildFile; fileRef = FEE67C4B260DE44000DBE15E /* main.m */; };
		FEE67C6B260DE81B00DBE15E /* TKModule+Mock.m in Sources */ = {isa = PBXBuildFile; fileRef = FEE67C6A260DE81B00DBE15E /* TKModule+Mock.m */; };
/* End PBXBuildFile section */

/* Begin PBXFileReference section */
		12A5B681B408476A4425825E /* Pods-TKModularization.debug.xcconfig */ = {isa = PBXFileReference; includeInIndex = 1; lastKnownFileType = text.xcconfig; name = "Pods-TKModularization.debug.xcconfig"; path = "Target Support Files/Pods-TKModularization/Pods-TKModularization.debug.xcconfig"; sourceTree = "<group>"; };
		3D77B95E5CB90CC63019970F /* Pods-TKModularization.release.xcconfig */ = {isa = PBXFileReference; includeInIndex = 1; lastKnownFileType = text.xcconfig; name = "Pods-TKModularization.release.xcconfig"; path = "Target Support Files/Pods-TKModularization/Pods-TKModularization.release.xcconfig"; sourceTree = "<group>"; };
		AD264318CC684A31E3A935E0 /* libPods-TKModularization.a */ = {isa = PBXFileReference; explicitFileType = archive.ar; includeInIndex = 0; path = "libPods-TKModularization.a"; sourceTree = BUILT_PRODUCTS_DIR; };
		FEE67C36260DE43D00DBE15E /* TKModularization.app */ = {isa = PBXFileReference; explicitFileType = wrapper.application; includeInIndex = 0; path = TKModularization.app; sourceTree = BUILT_PRODUCTS_DIR; };
		FEE67C39260DE43D00DBE15E /* AppDelegate.h */ = {isa = PBXFileReference; lastKnownFileType = sourcecode.c.h; path = AppDelegate.h; sourceTree = "<group>"; };
		FEE67C3A260DE43D00DBE15E /* AppDelegate.m */ = {isa = PBXFileReference; lastKnownFileType = sourcecode.c.objc; path = AppDelegate.m; sourceTree = "<group>"; };
		FEE67C3C260DE43D00DBE15E /* SceneDelegate.h */ = {isa = PBXFileReference; lastKnownFileType = sourcecode.c.h; path = SceneDelegate.h; sourceTree = "<group>"; };
		FEE67C3D260DE43D00DBE15E /* SceneDelegate.m */ = {isa = PBXFileReference; lastKnownFileType = sourcecode.c.objc; path = SceneDelegate.m; sourceTree = "<group>"; };
		FEE67C3F260DE43D00DBE15E /* ViewController.h */ = {isa = PBXFileReference; lastKnownFileType = sourcecode.c.h; path = ViewController.h; sourceTree = "<group>"; };
		FEE67C40260DE43D00DBE15E /* ViewController.m */ = {isa = PBXFileReference; lastKnownFileType = sourcecode.c.objc; path = ViewController.m; sourceTree = "<group>"; };
		FEE67C43260DE43D00DBE15E /* Base */ = {isa = PBXFileReference; lastKnownFileType = file.storyboard; name = Base; path = Base.lproj/Main.storyboard; sourceTree = "<group>"; };
		FEE67C45260DE44000DBE15E /* Assets.xcassets */ = {isa = PBXFileReference; lastKnownFileType = folder.assetcatalog; path = Assets.xcassets; sourceTree = "<group>"; };
		FEE67C48260DE44000DBE15E /* Base */ = {isa = PBXFileReference; lastKnownFileType = file.storyboard; name = Base; path = Base.lproj/LaunchScreen.storyboard; sourceTree = "<group>"; };
		FEE67C4A260DE44000DBE15E /* Info.plist */ = {isa = PBXFileReference; lastKnownFileType = text.plist.xml; path = Info.plist; sourceTree = "<group>"; };
		FEE67C4B260DE44000DBE15E /* main.m */ = {isa = PBXFileReference; lastKnownFileType = sourcecode.c.objc; path = main.m; sourceTree = "<group>"; };
		FEE67C6A260DE81B00DBE15E /* TKModule+Mock.m */ = {isa = PBXFileReference; fileEncoding = 4; lastKnownFileType = sourcecode.c.objc; path = "TKModule+Mock.m"; sourceTree = "<group>"; };
/* End PBXFileReference section */

/* Begin PBXFrameworksBuildPhase section */
		FEE67C33260DE43D00DBE15E /* Frameworks */ = {
			isa = PBXFrameworksBuildPhase;
			buildActionMask = 2147483647;
			files = (
				E9779634CCADDE408B67D7AF /* libPods-TKModularization.a in Frameworks */,
			);
			runOnlyForDeploymentPostprocessing = 0;
		};
/* End PBXFrameworksBuildPhase section */

/* Begin PBXGroup section */
		3F6A7CA5851E71AD04036CD8 /* Frameworks */ = {
			isa = PBXGroup;
			children = (
				AD264318CC684A31E3A935E0 /* libPods-TKModularization.a */,
			);
			name = Frameworks;
			sourceTree = "<group>";
		};
		50B8954C9A30321AAC2F3C20 /* Pods */ = {
			isa = PBXGroup;
			children = (
				12A5B681B408476A4425825E /* Pods-TKModularization.debug.xcconfig */,
				3D77B95E5CB90CC63019970F /* Pods-TKModularization.release.xcconfig */,
			);
			path = Pods;
			sourceTree = "<group>";
		};
		FEE67C2D260DE43D00DBE15E = {
			isa = PBXGroup;
			children = (
				FEE67C38260DE43D00DBE15E /* TKModularization */,
				FEE67C37260DE43D00DBE15E /* Products */,
				50B8954C9A30321AAC2F3C20 /* Pods */,
				3F6A7CA5851E71AD04036CD8 /* Frameworks */,
			);
			sourceTree = "<group>";
		};
		FEE67C37260DE43D00DBE15E /* Products */ = {
			isa = PBXGroup;
			children = (
				FEE67C36260DE43D00DBE15E /* TKModularization.app */,
			);
			name = Products;
			sourceTree = "<group>";
		};
		FEE67C38260DE43D00DBE15E /* TKModularization */ = {
			isa = PBXGroup;
			children = (
				FEE67C39260DE43D00DBE15E /* AppDelegate.h */,
				FEE67C3A260DE43D00DBE15E /* AppDelegate.m */,
				FEE67C3C260DE43D00DBE15E /* SceneDelegate.h */,
				FEE67C3D260DE43D00DBE15E /* SceneDelegate.m */,
				FEE67C3F260DE43D00DBE15E /* ViewController.h */,
				FEE67C40260DE43D00DBE15E /* ViewController.m */,
				FEE67C69260DE81B00DBE15E /* TKModule */,
				FEE67C42260DE43D00DBE15E /* Main.storyboard */,
				FEE67C45260DE44000DBE15E /* Assets.xcassets */,
				FEE67C47260DE44000DBE15E /* LaunchScreen.storyboard */,
				FEE67C4A260DE44000DBE15E /* Info.plist */,
				FEE67C4B260DE44000DBE15E /* main.m */,
			);
			path = TKModularization;
			sourceTree = "<group>";
		};
		FEE67C69260DE81B00DBE15E /* TKModule */ = {
			isa = PBXGroup;
			children = (
				FEE67C6A260DE81B00DBE15E /* TKModule+Mock.m */,
			);
			path = TKModule;
			sourceTree = "<group>";
		};
/* End PBXGroup section */

/* Begin PBXNativeTarget section */
		FEE67C35260DE43D00DBE15E /* TKModularization */ = {
			isa = PBXNativeTarget;
			buildConfigurationList = FEE67C4F260DE44000DBE15E /* Build configuration list for PBXNativeTarget "TKModularization" */;
			buildPhases = (
				D8EFD10BA19593B8ADFA31A5 /* [CP] Check Pods Manifest.lock */,
				FEE67C32260DE43D00DBE15E /* Sources */,
				FEE67C33260DE43D00DBE15E /* Frameworks */,
				FEE67C34260DE43D00DBE15E /* Resources */,
				84D4FF76FE9623326305BD39 /* [CP] Copy Pods Resources */,
			);
			buildRules = (
			);
			dependencies = (
			);
			name = TKModularization;
			productName = TKModularization;
			productReference = FEE67C36260DE43D00DBE15E /* TKModularization.app */;
			productType = "com.apple.product-type.application";
		};
/* End PBXNativeTarget section */

/* Begin PBXProject section */
		FEE67C2E260DE43D00DBE15E /* Project object */ = {
			isa = PBXProject;
			attributes = {
				LastUpgradeCheck = 1240;
				TargetAttributes = {
					FEE67C35260DE43D00DBE15E = {
						CreatedOnToolsVersion = 12.4;
					};
				};
			};
			buildConfigurationList = FEE67C31260DE43D00DBE15E /* Build configuration list for PBXProject "TKModularization" */;
			compatibilityVersion = "Xcode 9.3";
			developmentRegion = en;
			hasScannedForEncodings = 0;
			knownRegions = (
				en,
				Base,
			);
			mainGroup = FEE67C2D260DE43D00DBE15E;
			productRefGroup = FEE67C37260DE43D00DBE15E /* Products */;
			projectDirPath = "";
			projectRoot = "";
			targets = (
				FEE67C35260DE43D00DBE15E /* TKModularization */,
			);
		};
/* End PBXProject section */

/* Begin PBXResourcesBuildPhase section */
		FEE67C34260DE43D00DBE15E /* Resources */ = {
			isa = PBXResourcesBuildPhase;
			buildActionMask = 2147483647;
			files = (
				FEE67C49260DE44000DBE15E /* LaunchScreen.storyboard in Resources */,
				FEE67C46260DE44000DBE15E /* Assets.xcassets in Resources */,
				FEE67C44260DE43D00DBE15E /* Main.storyboard in Resources */,
			);
			runOnlyForDeploymentPostprocessing = 0;
		};
/* End PBXResourcesBuildPhase section */

/* Begin PBXShellScriptBuildPhase section */
		84D4FF76FE9623326305BD39 /* [CP] Copy Pods Resources */ = {
			isa = PBXShellScriptBuildPhase;
			buildActionMask = 2147483647;
			files = (
			);
			inputFileListPaths = (
				"${PODS_ROOT}/Target Support Files/Pods-TKModularization/Pods-TKModularization-resources-${CONFIGURATION}-input-files.xcfilelist",
			);
			name = "[CP] Copy Pods Resources";
			outputFileListPaths = (
				"${PODS_ROOT}/Target Support Files/Pods-TKModularization/Pods-TKModularization-resources-${CONFIGURATION}-output-files.xcfilelist",
			);
			runOnlyForDeploymentPostprocessing = 0;
			shellPath = /bin/sh;
			shellScript = "\"${PODS_ROOT}/Target Support Files/Pods-TKModularization/Pods-TKModularization-resources.sh\"\n";
			showEnvVarsInLog = 0;
		};
		D8EFD10BA19593B8ADFA31A5 /* [CP] Check Pods Manifest.lock */ = {
			isa = PBXShellScriptBuildPhase;
			buildActionMask = 2147483647;
			files = (
			);
			inputFileListPaths = (
			);
			inputPaths = (
				"${PODS_PODFILE_DIR_PATH}/Podfile.lock",
				"${PODS_ROOT}/Manifest.lock",
			);
			name = "[CP] Check Pods Manifest.lock";
			outputFileListPaths = (
			);
			outputPaths = (
				"$(DERIVED_FILE_DIR)/Pods-TKModularization-checkManifestLockResult.txt",
			);
			runOnlyForDeploymentPostprocessing = 0;
			shellPath = /bin/sh;
			shellScript = "diff \"${PODS_PODFILE_DIR_PATH}/Podfile.lock\" \"${PODS_ROOT}/Manifest.lock\" > /dev/null\nif [ $? != 0 ] ; then\n    # print error to STDERR\n    echo \"error: The sandbox is not in sync with the Podfile.lock. Run 'pod install' or update your CocoaPods installation.\" >&2\n    exit 1\nfi\n# This output is used by Xcode 'outputs' to avoid re-running this script phase.\necho \"SUCCESS\" > \"${SCRIPT_OUTPUT_FILE_0}\"\n";
			showEnvVarsInLog = 0;
		};
/* End PBXShellScriptBuildPhase section */

/* Begin PBXSourcesBuildPhase section */
		FEE67C32260DE43D00DBE15E /* Sources */ = {
			isa = PBXSourcesBuildPhase;
			buildActionMask = 2147483647;
			files = (
				FEE67C41260DE43D00DBE15E /* ViewController.m in Sources */,
				FEE67C3B260DE43D00DBE15E /* AppDelegate.m in Sources */,
				FEE67C4C260DE44000DBE15E /* main.m in Sources */,
				FEE67C6B260DE81B00DBE15E /* TKModule+Mock.m in Sources */,
				FEE67C3E260DE43D00DBE15E /* SceneDelegate.m in Sources */,
			);
			runOnlyForDeploymentPostprocessing = 0;
		};
/* End PBXSourcesBuildPhase section */

/* Begin PBXVariantGroup section */
		FEE67C42260DE43D00DBE15E /* Main.storyboard */ = {
			isa = PBXVariantGroup;
			children = (
				FEE67C43260DE43D00DBE15E /* Base */,
			);
			name = Main.storyboard;
			sourceTree = "<group>";
		};
		FEE67C47260DE44000DBE15E /* LaunchScreen.storyboard */ = {
			isa = PBXVariantGroup;
			children = (
				FEE67C48260DE44000DBE15E /* Base */,
			);
			name = LaunchScreen.storyboard;
			sourceTree = "<group>";
		};
/* End PBXVariantGroup section */

/* Begin XCBuildConfiguration section */
		FEE67C4D260DE44000DBE15E /* Debug */ = {
			isa = XCBuildConfiguration;
			buildSettings = {
				ALWAYS_SEARCH_USER_PATHS = NO;
				CLANG_ANALYZER_NONNULL = YES;
				CLANG_ANALYZER_NUMBER_OBJECT_CONVERSION = YES_AGGRESSIVE;
				CLANG_CXX_LANGUAGE_STANDARD = "gnu++14";
				CLANG_CXX_LIBRARY = "libc++";
				CLANG_ENABLE_MODULES = YES;
				CLANG_ENABLE_OBJC_ARC = YES;
				CLANG_ENABLE_OBJC_WEAK = YES;
				CLANG_WARN_BLOCK_CAPTURE_AUTORELEASING = YES;
				CLANG_WARN_BOOL_CONVERSION = YES;
				CLANG_WARN_COMMA = YES;
				CLANG_WARN_CONSTANT_CONVERSION = YES;
				CLANG_WARN_DEPRECATED_OBJC_IMPLEMENTATIONS = YES;
				CLANG_WARN_DIRECT_OBJC_ISA_USAGE = YES_ERROR;
				CLANG_WARN_DOCUMENTATION_COMMENTS = YES;
				CLANG_WARN_EMPTY_BODY = YES;
				CLANG_WARN_ENUM_CONVERSION = YES;
				CLANG_WARN_INFINITE_RECURSION = YES;
				CLANG_WARN_INT_CONVERSION = YES;
				CLANG_WARN_NON_LITERAL_NULL_CONVERSION = YES;
				CLANG_WARN_OBJC_IMPLICIT_RETAIN_SELF = YES;
				CLANG_WARN_OBJC_LITERAL_CONVERSION = YES;
				CLANG_WARN_OBJC_ROOT_CLASS = YES_ERROR;
				CLANG_WARN_QUOTED_INCLUDE_IN_FRAMEWORK_HEADER = YES;
				CLANG_WARN_RANGE_LOOP_ANALYSIS = YES;
				CLANG_WARN_STRICT_PROTOTYPES = YES;
				CLANG_WARN_SUSPICIOUS_MOVE = YES;
				CLANG_WARN_UNGUARDED_AVAILABILITY = YES_AGGRESSIVE;
				CLANG_WARN_UNREACHABLE_CODE = YES;
				CLANG_WARN__DUPLICATE_METHOD_MATCH = YES;
				COPY_PHASE_STRIP = NO;
				DEBUG_INFORMATION_FORMAT = dwarf;
				ENABLE_STRICT_OBJC_MSGSEND = YES;
				ENABLE_TESTABILITY = YES;
				GCC_C_LANGUAGE_STANDARD = gnu11;
				GCC_DYNAMIC_NO_PIC = NO;
				GCC_NO_COMMON_BLOCKS = YES;
				GCC_OPTIMIZATION_LEVEL = 0;
				GCC_PREPROCESSOR_DEFINITIONS = (
					"DEBUG=1",
					"$(inherited)",
				);
				GCC_WARN_64_TO_32_BIT_CONVERSION = YES;
				GCC_WARN_ABOUT_RETURN_TYPE = YES_ERROR;
				GCC_WARN_UNDECLARED_SELECTOR = YES;
				GCC_WARN_UNINITIALIZED_AUTOS = YES_AGGRESSIVE;
				GCC_WARN_UNUSED_FUNCTION = YES;
				GCC_WARN_UNUSED_VARIABLE = YES;
				IPHONEOS_DEPLOYMENT_TARGET = 14.4;
				MTL_ENABLE_DEBUG_INFO = INCLUDE_SOURCE;
				MTL_FAST_MATH = YES;
				ONLY_ACTIVE_ARCH = YES;
				SDKROOT = iphoneos;
			};
			name = Debug;
		};
		FEE67C4E260DE44000DBE15E /* Release */ = {
			isa = XCBuildConfiguration;
			buildSettings = {
				ALWAYS_SEARCH_USER_PATHS = NO;
				CLANG_ANALYZER_NONNULL = YES;
				CLANG_ANALYZER_NUMBER_OBJECT_CONVERSION = YES_AGGRESSIVE;
				CLANG_CXX_LANGUAGE_STANDARD = "gnu++14";
				CLANG_CXX_LIBRARY = "libc++";
				CLANG_ENABLE_MODULES = YES;
				CLANG_ENABLE_OBJC_ARC = YES;
				CLANG_ENABLE_OBJC_WEAK = YES;
				CLANG_WARN_BLOCK_CAPTURE_AUTORELEASING = YES;
				CLANG_WARN_BOOL_CONVERSION = YES;
				CLANG_WARN_COMMA = YES;
				CLANG_WARN_CONSTANT_CONVERSION = YES;
				CLANG_WARN_DEPRECATED_OBJC_IMPLEMENTATIONS = YES;
				CLANG_WARN_DIRECT_OBJC_ISA_USAGE = YES_ERROR;
				CLANG_WARN_DOCUMENTATION_COMMENTS = YES;
				CLANG_WARN_EMPTY_BODY = YES;
				CLANG_WARN_ENUM_CONVERSION = YES;
				CLANG_WARN_INFINITE_RECURSION = YES;
				CLANG_WARN_INT_CONVERSION = YES;
				CLANG_WARN_NON_LITERAL_NULL_CONVERSION = YES;
				CLANG_WARN_OBJC_IMPLICIT_RETAIN_SELF = YES;
				CLANG_WARN_OBJC_LITERAL_CONVERSION = YES;
				CLANG_WARN_OBJC_ROOT_CLASS = YES_ERROR;
				CLANG_WARN_QUOTED_INCLUDE_IN_FRAMEWORK_HEADER = YES;
				CLANG_WARN_RANGE_LOOP_ANALYSIS = YES;
				CLANG_WARN_STRICT_PROTOTYPES = YES;
				CLANG_WARN_SUSPICIOUS_MOVE = YES;
				CLANG_WARN_UNGUARDED_AVAILABILITY = YES_AGGRESSIVE;
				CLANG_WARN_UNREACHABLE_CODE = YES;
				CLANG_WARN__DUPLICATE_METHOD_MATCH = YES;
				COPY_PHASE_STRIP = NO;
				DEBUG_INFORMATION_FORMAT = "dwarf-with-dsym";
				ENABLE_NS_ASSERTIONS = NO;
				ENABLE_STRICT_OBJC_MSGSEND = YES;
				GCC_C_LANGUAGE_STANDARD = gnu11;
				GCC_NO_COMMON_BLOCKS = YES;
				GCC_WARN_64_TO_32_BIT_CONVERSION = YES;
				GCC_WARN_ABOUT_RETURN_TYPE = YES_ERROR;
				GCC_WARN_UNDECLARED_SELECTOR = YES;
				GCC_WARN_UNINITIALIZED_AUTOS = YES_AGGRESSIVE;
				GCC_WARN_UNUSED_FUNCTION = YES;
				GCC_WARN_UNUSED_VARIABLE = YES;
				IPHONEOS_DEPLOYMENT_TARGET = 14.4;
				MTL_ENABLE_DEBUG_INFO = NO;
				MTL_FAST_MATH = YES;
				SDKROOT = iphoneos;
				VALIDATE_PRODUCT = YES;
			};
			name = Release;
		};
		FEE67C50260DE44000DBE15E /* Debug */ = {
			isa = XCBuildConfiguration;
			baseConfigurationReference = 12A5B681B408476A4425825E /* Pods-TKModularization.debug.xcconfig */;
			buildSettings = {
				ASSETCATALOG_COMPILER_APPICON_NAME = AppIcon;
				ASSETCATALOG_COMPILER_GLOBAL_ACCENT_COLOR_NAME = AccentColor;
				CODE_SIGN_STYLE = Automatic;
				DEVELOPMENT_TEAM = B3AFGM9JL7;
				INFOPLIST_FILE = TKModularization/Info.plist;
				LD_RUNPATH_SEARCH_PATHS = (
					"$(inherited)",
					"@executable_path/Frameworks",
				);
				PRODUCT_BUNDLE_IDENTIFIER = TK.TKModularization;
				PRODUCT_NAME = "$(TARGET_NAME)";
				TARGETED_DEVICE_FAMILY = "1,2";
			};
			name = Debug;
		};
		FEE67C51260DE44000DBE15E /* Release */ = {
			isa = XCBuildConfiguration;
			baseConfigurationReference = 3D77B95E5CB90CC63019970F /* Pods-TKModularization.release.xcconfig */;
			buildSettings = {
				ASSETCATALOG_COMPILER_APPICON_NAME = AppIcon;
				ASSETCATALOG_COMPILER_GLOBAL_ACCENT_COLOR_NAME = AccentColor;
				CODE_SIGN_STYLE = Automatic;
				DEVELOPMENT_TEAM = B3AFGM9JL7;
				INFOPLIST_FILE = TKModularization/Info.plist;
				LD_RUNPATH_SEARCH_PATHS = (
					"$(inherited)",
					"@executable_path/Frameworks",
				);
				PRODUCT_BUNDLE_IDENTIFIER = TK.TKModularization;
				PRODUCT_NAME = "$(TARGET_NAME)";
				TARGETED_DEVICE_FAMILY = "1,2";
			};
			name = Release;
		};
/* End XCBuildConfiguration section */

/* Begin XCConfigurationList section */
		FEE67C31260DE43D00DBE15E /* Build configuration list for PBXProject "TKModularization" */ = {
			isa = XCConfigurationList;
			buildConfigurations = (
				FEE67C4D260DE44000DBE15E /* Debug */,
				FEE67C4E260DE44000DBE15E /* Release */,
			);
			defaultConfigurationIsVisible = 0;
			defaultConfigurationName = Release;
		};
		FEE67C4F260DE44000DBE15E /* Build configuration list for PBXNativeTarget "TKModularization" */ = {
			isa = XCConfigurationList;
			buildConfigurations = (
				FEE67C50260DE44000DBE15E /* Debug */,
				FEE67C51260DE44000DBE15E /* Release */,
			);
			defaultConfigurationIsVisible = 0;
			defaultConfigurationName = Release;
		};
/* End XCConfigurationList section */
	};
	rootObject = FEE67C2E260DE43D00DBE15E /* Project object */;
}
